
Microsoft Visual Studio Solution File, Format Version 12.00
# Visual Studio Version 16
VisualStudioVersion = 16.0.35130.168
MinimumVisualStudioVersion = 10.0.40219.1
Project("{FAE04EC0-301F-11D3-BF4B-00C04F79EFBC}") = "LEV_ClickSciptExtended", "LEV_ClickSciptExtended.csproj", "{D0D36B7A-94D8-4E48-91D4-A7D68BEC36F2}"
EndProject
Global
	GlobalSection(SolutionConfigurationPlatforms) = preSolution
		Debug|Any CPU = Debug|Any CPU
		Release|Any CPU = Release|Any CPU
	EndGlobalSection
	GlobalSection(ProjectConfigurationPlatforms) = postSolution
		{D0D36B7A-94D8-4E48-91D4-A7D68BEC36F2}.Debug|Any CPU.ActiveCfg = Debug|Any CPU
		{D0D36B7A-94D8-4E48-91D4-A7D68BEC36F2}.Debug|Any CPU.Build.0 = Debug|Any CPU
		{D0D36B7A-94D8-4E48-91D4-A7D68BEC36F2}.Release|Any CPU.ActiveCfg = Release|Any CPU
		{D0D36B7A-94D8-4E48-91D4-A7D68BEC36F2}.Release|Any CPU.Build.0 = Release|Any CPU
	EndGlobalSection
	GlobalSection(SolutionProperties) = preSolution
		HideSolutionNode = FALSE
	EndGlobalSection
	GlobalSection(ExtensibilityGlobals) = postSolution
		SolutionGuid = {3FDED9B5-57A9-4F7C-97FA-909C4B92148E}
	EndGlobalSection
EndGlobal
